{
  "name": "hackathon",
  "version": "1.0.0",
  "lockfileVersion": 1,
  "requires": true,
  "dependencies": {
    "@amcharts/amcharts4-geodata": {
      "version": "4.1.15",
      "resolved": "https://registry.npmjs.org/@amcharts/amcharts4-geodata/-/amcharts4-geodata-4.1.15.tgz",
      "integrity": "sha512-H2uJxZrDzMzGE/a+UlxwD2toybuWq8auXMNoOpaPvXYUk9SqCwBLXjlwatZHyT3x3HohlpjEww5N6hdK1IMrUQ=="
    }
  }
}
